Microsoft Visual Studio Solution File, Format Version 12.00
# Visual Studio Version 17
VisualStudioVersion = 17.5.2.0
MinimumVisualStudioVersion = 10.0.40219.1
Project("{FAE04EC0-301F-11D3-BF4B-00C04F79EFBC}") = "gatool-api", "gatool-api.csproj", "{4E6822ED-0D31-0F11-9E29-7F40196AEAA5}"
EndProject
Global
	GlobalSection(SolutionConfigurationPlatforms) = preSolution
		Debug|Any CPU = Debug|Any CPU
		Release|Any CPU = Release|Any CPU
	EndGlobalSection
	GlobalSection(ProjectConfigurationPlatforms) = postSolution
		{4E6822ED-0D31-0F11-9E29-7F40196AEAA5}.Debug|Any CPU.ActiveCfg = Debug|Any CPU
		{4E6822ED-0D31-0F11-9E29-7F40196AEAA5}.Debug|Any CPU.Build.0 = Debug|Any CPU
		{4E6822ED-0D31-0F11-9E29-7F40196AEAA5}.Release|Any CPU.ActiveCfg = Release|Any CPU
		{4E6822ED-0D31-0F11-9E29-7F40196AEAA5}.Release|Any CPU.Build.0 = Release|Any CPU
	EndGlobalSection
	GlobalSection(SolutionProperties) = preSolution
		HideSolutionNode = FALSE
	EndGlobalSection
	GlobalSection(ExtensibilityGlobals) = postSolution
		SolutionGuid = {6471E704-90C7-4482-B23A-A9E917AD6607}
	EndGlobalSection
EndGlobal
